version = 1
revision = 2
requires-python = ">=3.12"

[[package]]
name = "ax1200i"
version = "0.1.0"
source = { virtual = "." }
dependencies = [
    { name = "liquidctl" },
    { name = "pyserial" },
]

[package.metadata]
requires-dist = [
    { name = "liquidctl", specifier = ">=1.15.0" },
    { name = "pyserial", specifier = ">=3.5" },
]

[[package]]
name = "colorama"
version = "0.4.6"
source = { registry = "https://pypi.org/simple" }
sdist = { url = "https://files.pythonhosted.org/packages/d8/53/6f443c9a4a8358a93a6792e2acffb9d9d5cb0a5cfd8802644b7b1c9a02e4/colorama-0.4.6.tar.gz", hash = "sha256:08695f5cb7ed6e0531a20572697297273c47b8cae5a63ffc6d6ed5c201be6e44", size = 27697, upload-time = "2022-10-25T02:36:22.414Z" }
wheels = [
    { url = "https://files.pythonhosted.org/packages/d1/d6/3965ed04c63042e047cb6a3e6ed1a63a35087b6a609aa3a15ed8ac56c221/colorama-0.4.6-py2.py3-none-any.whl", hash = "sha256:4f1d9991f5acc0ca119f9d443620b77f9d6b33703e51011c16baf57afb285fc6", size = 25335, upload-time = "2022-10-25T02:36:20.889Z" },
]

[[package]]
name = "colorlog"
version = "6.9.0"
source = { registry = "https://pypi.org/simple" }
dependencies = [
    { name = "colorama", marker = "sys_platform == 'win32'" },
]
sdist = { url = "https://files.pythonhosted.org/packages/d3/7a/359f4d5df2353f26172b3cc39ea32daa39af8de522205f512f458923e677/colorlog-6.9.0.tar.gz", hash = "sha256:bfba54a1b93b94f54e1f4fe48395725a3d92fd2a4af702f6bd70946bdc0c6ac2", size = 16624, upload-time = "2024-10-29T18:34:51.011Z" }
wheels = [
    { url = "https://files.pythonhosted.org/packages/e3/51/9b208e85196941db2f0654ad0357ca6388ab3ed67efdbfc799f35d1f83aa/colorlog-6.9.0-py3-none-any.whl", hash = "sha256:5906e71acd67cb07a71e779c47c4bcb45fb8c2993eebe9e5adcd6a6f1b283eff", size = 11424, upload-time = "2024-10-29T18:34:49.815Z" },
]

[[package]]
name = "crcmod"
version = "1.7"
source = { registry = "https://pypi.org/simple" }
sdist = { url = "https://files.pythonhosted.org/packages/6b/b0/e595ce2a2527e169c3bcd6c33d2473c1918e0b7f6826a043ca1245dd4e5b/crcmod-1.7.tar.gz", hash = "sha256:dc7051a0db5f2bd48665a990d3ec1cc305a466a77358ca4492826f41f283601e", size = 89670, upload-time = "2010-06-27T14:35:29.538Z" }

[[package]]
name = "docopt"
version = "0.6.2"
source = { registry = "https://pypi.org/simple" }
sdist = { url = "https://files.pythonhosted.org/packages/a2/55/8f8cab2afd404cf578136ef2cc5dfb50baa1761b68c9da1fb1e4eed343c9/docopt-0.6.2.tar.gz", hash = "sha256:49b3a825280bd66b3aa83585ef59c4a8c82f2c8a522dbe754a8bc8d08c85c491", size = 25901, upload-time = "2014-06-16T11:18:57.406Z" }

[[package]]
name = "hidapi"
version = "0.14.0.post4"
source = { registry = "https://pypi.org/simple" }
dependencies = [
    { name = "setuptools" },
]
sdist = { url = "https://files.pythonhosted.org/packages/47/72/21ccaaca6ffb06f544afd16191425025d831c2a6d318635e9c8854070f2d/hidapi-0.14.0.post4.tar.gz", hash = "sha256:48fce253e526d17b663fbf9989c71c7ef7653ced5f4be65f1437c313fb3dbdf6", size = 174388, upload-time = "2024-11-19T16:38:10.316Z" }
wheels = [
    { url = "https://files.pythonhosted.org/packages/1a/9a/9b7d5d5e2c003aed2fecdc348caff8d3b6a8ead0220da489ccb822d7e5ef/hidapi-0.14.0.post4-cp312-cp312-macosx_10_13_x86_64.whl", hash = "sha256:129d684c2760fafee9014ce63a58d8e2699cdf00cd1a11bb3d706d4715f5ff96", size = 71668, upload-time = "2024-11-19T16:36:28.666Z" },
    { url = "https://files.pythonhosted.org/packages/ad/e5/a919eb542a692cc27dc58b1997dd860cace0e4c64e38c8bf9236ff8b95b7/hidapi-0.14.0.post4-cp312-cp312-macosx_11_0_arm64.whl", hash = "sha256:4f04de00e40db2efc0bcdd047c160274ba7ccd861100fd87c295dd63cb932f2f", size = 69146, upload-time = "2024-11-19T16:36:30.484Z" },
    { url = "https://files.pythonhosted.org/packages/37/7c/63316c8cba89cc039a952bb8805c3fb585e79f7fc8a5d27acaa6beb2fe81/hidapi-0.14.0.post4-cp312-cp312-manylinux_2_17_aarch64.manylinux2014_aarch64.whl", hash = "sha256:10a01af155c51a8089fe44e627af2fbd323cfbef7bd55a86837d971aef6088b0", size = 1083772, upload-time = "2024-11-19T16:36:32.798Z" },
    { url = "https://files.pythonhosted.org/packages/8a/a8/bb222e3f096467d8e37c717000b9b0c6acee043c1145eaaeba4abfc8cffd/hidapi-0.14.0.post4-cp312-cp312-manylinux_2_17_i686.manylinux2014_i686.whl", hash = "sha256:6eaff1d120c47e1a121eada8dc85eac007d1ed81f3db7fc0da5b6ed17d8edefb", size = 1081215, upload-time = "2024-11-19T16:36:35.512Z" },
    { url = "https://files.pythonhosted.org/packages/ba/c8/52134f7d3e09fd4feb7756ccd872c55bfd1899ee81ceed4f8ad5ae39f457/hidapi-0.14.0.post4-cp312-cp312-manylinux_2_17_x86_64.manylinux2014_x86_64.whl", hash = "sha256:fedb9c3be6a2376de436d13fcb37a686a9b6bc988585bcc4f5ec61cad925e794", size = 1077222, upload-time = "2024-11-19T16:36:38.062Z" },
    { url = "https://files.pythonhosted.org/packages/a8/da/88ebbd465dbaff04e9ef3bbdb4a6ca9d24a3458e4726878dbe26bb69236e/hidapi-0.14.0.post4-cp312-cp312-musllinux_1_2_aarch64.whl", hash = "sha256:6270677da02e86b56b81afd5f6f313736b8315b493f3c8a431da285e3a3c5de9", size = 694510, upload-time = "2024-11-19T16:36:39.572Z" },
    { url = "https://files.pythonhosted.org/packages/da/f0/ea437ed339c5f0b446983011000d8cad8c4f8a51ee39e837d16e101b66da/hidapi-0.14.0.post4-cp312-cp312-musllinux_1_2_i686.whl", hash = "sha256:da700db947562f8c0ac530215b74b5a27e4c669916ec99cfb5accd14ba08562c", size = 682635, upload-time = "2024-11-19T16:36:41.35Z" },
    { url = "https://files.pythonhosted.org/packages/01/e9/14e63f1a5ec0c2430b84695d28e994b2b63398544adb20d910f6dc41ac66/hidapi-0.14.0.post4-cp312-cp312-musllinux_1_2_x86_64.whl", hash = "sha256:707b1ebf5cb051b020e94b039e603351bf2e6620b48fc970228e0dd5d3a91fca", size = 701667, upload-time = "2024-11-19T16:36:43.135Z" },
    { url = "https://files.pythonhosted.org/packages/df/3d/8a37ed1b250ae45eb7fa5cd3227c865d38a1ddf9ccab626f4f6adfbd424a/hidapi-0.14.0.post4-cp312-cp312-win32.whl", hash = "sha256:1487312ad50cf2c08a5ea786167b3229afd6478c4b26974157c3845a84e91231", size = 63123, upload-time = "2024-11-19T16:36:44.329Z" },
    { url = "https://files.pythonhosted.org/packages/f4/fd/e642211e579875e35015aed12d3b2c2a25f6a731ff846a2c2aaaf4bf8898/hidapi-0.14.0.post4-cp312-cp312-win_amd64.whl", hash = "sha256:8d924bd002a1c17ca51905b3b7b3d580e80ec211a9b8fe4667b73db0ff9e9b54", size = 70478, upload-time = "2024-11-19T16:36:45.388Z" },
    { url = "https://files.pythonhosted.org/packages/38/c7/8601f03a6eeeac35655245177b50bb00e707f3392e0a79c34637f8525207/hidapi-0.14.0.post4-cp313-cp313-macosx_10_13_x86_64.whl", hash = "sha256:6f96ae777e906f0a9d6f75e873313145dfec2b774f558bfcae8ba34f09792460", size = 70358, upload-time = "2024-11-19T16:36:46.405Z" },
    { url = "https://files.pythonhosted.org/packages/c1/5d/7376cf339fbe6fca26048e3c7e183ef4d99c046cc5d8378516a745914327/hidapi-0.14.0.post4-cp313-cp313-macosx_11_0_arm64.whl", hash = "sha256:6439fc9686518d0336fac8c5e370093279f53c997540065fce131c97567118d8", size = 68034, upload-time = "2024-11-19T16:36:47.419Z" },
    { url = "https://files.pythonhosted.org/packages/8c/5a/4bca20898c699810f016d2719b980fc57fe36d5012d03eca7a89ace98547/hidapi-0.14.0.post4-cp313-cp313-manylinux_2_17_aarch64.manylinux2014_aarch64.whl", hash = "sha256:2acadb4f1ae569c4f73ddb461af8733e8f5efcb290c3d0ef1b0671ba793b0ae3", size = 1075570, upload-time = "2024-11-19T16:36:48.931Z" },
    { url = "https://files.pythonhosted.org/packages/6a/c6/66e6b7c27297249bc737115dff4a1e819d3e0e73885160a3104ebec7ac13/hidapi-0.14.0.post4-cp313-cp313-manylinux_2_17_i686.manylinux2014_i686.whl", hash = "sha256:884fa003d899113e14908bd3b519c60b48fc3cec0410264dcbdad1c4a8fc2e8d", size = 1081482, upload-time = "2024-11-19T16:36:51.021Z" },
    { url = "https://files.pythonhosted.org/packages/86/a8/21e9860eddeefd0dc41b3f7e6e81cd9ff53c2b07130f57776b56a1dddc66/hidapi-0.14.0.post4-cp313-cp313-manylinux_2_17_x86_64.manylinux2014_x86_64.whl", hash = "sha256:8a2d466b995f8ff387d68c052d3b74ee981a4ddc4f1a99f32f2dc7022273dc11", size = 1069549, upload-time = "2024-11-19T16:36:52.808Z" },
    { url = "https://files.pythonhosted.org/packages/e8/01/3adf46a7ea5bf31f12e09d4392e1810e662101ba6611214ea6e2c35bea7a/hidapi-0.14.0.post4-cp313-cp313-musllinux_1_2_aarch64.whl", hash = "sha256:e1f6409854c0a8ed4d1fdbe88d5ee4baf6f19996d1561f76889a132cb083574d", size = 698200, upload-time = "2024-11-19T16:36:54.606Z" },
    { url = "https://files.pythonhosted.org/packages/f0/19/db15cd21bef1b0dc8ef4309c5734b64affb7e88540efd3c090f153cdae0b/hidapi-0.14.0.post4-cp313-cp313-musllinux_1_2_i686.whl", hash = "sha256:bca568a2b7d0d454c7921d70b1cc44f427eb6f95961b6d7b3b9b4532d0de74ef", size = 671554, upload-time = "2024-11-19T16:36:56.2Z" },
    { url = "https://files.pythonhosted.org/packages/f5/23/f896ee8f0977710c354bd1b9ac6d5206c12842bd39d78a357c866f8ec6b6/hidapi-0.14.0.post4-cp313-cp313-musllinux_1_2_x86_64.whl", hash = "sha256:9f14ac2737fd6f58d88d2e6bf8ebd03aac7b486c14d3f570b7b1d0013d61b726", size = 703897, upload-time = "2024-11-19T16:36:57.796Z" },
    { url = "https://files.pythonhosted.org/packages/9a/5e/3c93bb12b01392b538870bc710786fee86a9ced074a8b5c091a59786ee07/hidapi-0.14.0.post4-cp313-cp313-win32.whl", hash = "sha256:b6b9c4dbf7d7e2635ff129ce6ea82174865c073b75888b8b97dda5a3d9a70493", size = 62688, upload-time = "2024-11-19T16:36:59.124Z" },
    { url = "https://files.pythonhosted.org/packages/6a/a6/0d43ac0be00db25fb0c2c6125e15a3e3536196c9a7cd806d50ebfb37b375/hidapi-0.14.0.post4-cp313-cp313-win_amd64.whl", hash = "sha256:87218eeba366c871adcc273407aacbabab781d6a964919712d5583eded5ca50f", size = 69749, upload-time = "2024-11-19T16:37:00.561Z" },
]

[[package]]
name = "importlib-resources"
version = "6.5.2"
source = { registry = "https://pypi.org/simple" }
sdist = { url = "https://files.pythonhosted.org/packages/cf/8c/f834fbf984f691b4f7ff60f50b514cc3de5cc08abfc3295564dd89c5e2e7/importlib_resources-6.5.2.tar.gz", hash = "sha256:185f87adef5bcc288449d98fb4fba07cea78bc036455dd44c5fc4a2fe78fed2c", size = 44693, upload-time = "2025-01-03T18:51:56.698Z" }
wheels = [
    { url = "https://files.pythonhosted.org/packages/a4/ed/1f1afb2e9e7f38a545d628f864d562a5ae64fe6f7a10e28ffb9b185b4e89/importlib_resources-6.5.2-py3-none-any.whl", hash = "sha256:789cfdc3ed28c78b67a06acb8126751ced69a3d5f79c095a98298cd8a760ccec", size = 37461, upload-time = "2025-01-03T18:51:54.306Z" },
]

[[package]]
name = "libusb-package"
version = "1.0.26.3"
source = { registry = "https://pypi.org/simple" }
dependencies = [
    { name = "importlib-resources" },
]
wheels = [
    { url = "https://files.pythonhosted.org/packages/7f/e9/3aa3ff3242867b7f22ee3ce28d0e93ff88547f170ca1b8a6edc59660d974/libusb_package-1.0.26.3-cp312-cp312-win32.whl", hash = "sha256:6eee99c9fde137443869c8604d0c01b2127a9545ebc59d06a3376cf1d891e786", size = 77642, upload-time = "2025-04-01T12:58:05.471Z" },
    { url = "https://files.pythonhosted.org/packages/15/0e/913ddb1849f828fc385438874c34541939d9b06c0e5616f48f24cddd24de/libusb_package-1.0.26.3-cp312-cp312-win_amd64.whl", hash = "sha256:5e09c0b6b3cd475841cffe78e46e91df58f0c6c02ea105ea1a4d0755a07c8006", size = 90593, upload-time = "2025-04-01T12:58:06.798Z" },
    { url = "https://files.pythonhosted.org/packages/32/3d/97f775a1d582548b1eb2a42444c58813e5fd93d568fc3b9ace59f64df527/libusb_package-1.0.26.3-cp313-cp313-win32.whl", hash = "sha256:05db4cc801db2e6373a808725748a701509f9450fecf393fbebab61c45d50b50", size = 77642, upload-time = "2025-04-01T12:58:07.774Z" },
    { url = "https://files.pythonhosted.org/packages/f1/c4/d5234607697ca60593fbef88428a154317ac31f5c58ee23337b8a9360e91/libusb_package-1.0.26.3-cp313-cp313-win_amd64.whl", hash = "sha256:1cd4aec825dac2b4fa5d23b37f6d72e63a1127987e5a073dabeb7b73528623a3", size = 90593, upload-time = "2025-04-01T12:58:08.676Z" },
]

[[package]]
name = "liquidctl"
version = "1.15.0"
source = { registry = "https://pypi.org/simple" }
dependencies = [
    { name = "colorlog" },
    { name = "crcmod" },
    { name = "docopt" },
    { name = "hidapi" },
    { name = "libusb-package", marker = "sys_platform == 'cygwin' or sys_platform == 'win32'" },
    { name = "pillow" },
    { name = "pyusb" },
    { name = "smbus", marker = "sys_platform == 'linux'" },
    { name = "winusbcdc", marker = "sys_platform == 'win32'" },
]
sdist = { url = "https://files.pythonhosted.org/packages/1d/87/8b80a72696a906fde5ead01398291c4ae67353d8d445b3828af4217b7d2c/liquidctl-1.15.0.tar.gz", hash = "sha256:82243acf320c2686b274c13e804e8dd56ec97eaa0a9347d4107974428fb548d1", size = 1877640, upload-time = "2025-04-13T06:33:56.589Z" }
wheels = [
    { url = "https://files.pythonhosted.org/packages/e9/05/5914b77855bbe1dfb9cbe3c50582eebc327a9afff153aead3a1d104b9115/liquidctl-1.15.0-py3-none-any.whl", hash = "sha256:1fdfa94c4539296597f0b0e4723fd3afbd94cf9a9eff158e76982dd83ce004b3", size = 140484, upload-time = "2025-04-13T06:33:54.067Z" },
]

[[package]]
name = "pillow"
version = "11.2.1"
source = { registry = "https://pypi.org/simple" }
sdist = { url = "https://files.pythonhosted.org/packages/af/cb/bb5c01fcd2a69335b86c22142b2bccfc3464087efb7fd382eee5ffc7fdf7/pillow-11.2.1.tar.gz", hash = "sha256:a64dd61998416367b7ef979b73d3a85853ba9bec4c2925f74e588879a58716b6", size = 47026707, upload-time = "2025-04-12T17:50:03.289Z" }
wheels = [
    { url = "https://files.pythonhosted.org/packages/c7/40/052610b15a1b8961f52537cc8326ca6a881408bc2bdad0d852edeb6ed33b/pillow-11.2.1-cp312-cp312-macosx_10_13_x86_64.whl", hash = "sha256:78afba22027b4accef10dbd5eed84425930ba41b3ea0a86fa8d20baaf19d807f", size = 3190185, upload-time = "2025-04-12T17:48:00.417Z" },
    { url = "https://files.pythonhosted.org/packages/e5/7e/b86dbd35a5f938632093dc40d1682874c33dcfe832558fc80ca56bfcb774/pillow-11.2.1-cp312-cp312-macosx_11_0_arm64.whl", hash = "sha256:78092232a4ab376a35d68c4e6d5e00dfd73454bd12b230420025fbe178ee3b0b", size = 3030306, upload-time = "2025-04-12T17:48:02.391Z" },
    { url = "https://files.pythonhosted.org/packages/a4/5c/467a161f9ed53e5eab51a42923c33051bf8d1a2af4626ac04f5166e58e0c/pillow-11.2.1-cp312-cp312-manylinux_2_17_aarch64.manylinux2014_aarch64.whl", hash = "sha256:25a5f306095c6780c52e6bbb6109624b95c5b18e40aab1c3041da3e9e0cd3e2d", size = 4416121, upload-time = "2025-04-12T17:48:04.554Z" },
    { url = "https://files.pythonhosted.org/packages/62/73/972b7742e38ae0e2ac76ab137ca6005dcf877480da0d9d61d93b613065b4/pillow-11.2.1-cp312-cp312-manylinux_2_17_x86_64.manylinux2014_x86_64.whl", hash = "sha256:0c7b29dbd4281923a2bfe562acb734cee96bbb129e96e6972d315ed9f232bef4", size = 4501707, upload-time = "2025-04-12T17:48:06.831Z" },
    { url = "https://files.pythonhosted.org/packages/e4/3a/427e4cb0b9e177efbc1a84798ed20498c4f233abde003c06d2650a6d60cb/pillow-11.2.1-cp312-cp312-manylinux_2_28_aarch64.whl", hash = "sha256:3e645b020f3209a0181a418bffe7b4a93171eef6c4ef6cc20980b30bebf17b7d", size = 4522921, upload-time = "2025-04-12T17:48:09.229Z" },
    { url = "https://files.pythonhosted.org/packages/fe/7c/d8b1330458e4d2f3f45d9508796d7caf0c0d3764c00c823d10f6f1a3b76d/pillow-11.2.1-cp312-cp312-manylinux_2_28_x86_64.whl", hash = "sha256:b2dbea1012ccb784a65349f57bbc93730b96e85b42e9bf7b01ef40443db720b4", size = 4612523, upload-time = "2025-04-12T17:48:11.631Z" },
    { url = "https://files.pythonhosted.org/packages/b3/2f/65738384e0b1acf451de5a573d8153fe84103772d139e1e0bdf1596be2ea/pillow-11.2.1-cp312-cp312-musllinux_1_2_aarch64.whl", hash = "sha256:da3104c57bbd72948d75f6a9389e6727d2ab6333c3617f0a89d72d4940aa0443", size = 4587836, upload-time = "2025-04-12T17:48:13.592Z" },
    { url = "https://files.pythonhosted.org/packages/6a/c5/e795c9f2ddf3debb2dedd0df889f2fe4b053308bb59a3cc02a0cd144d641/pillow-11.2.1-cp312-cp312-musllinux_1_2_x86_64.whl", hash = "sha256:598174aef4589af795f66f9caab87ba4ff860ce08cd5bb447c6fc553ffee603c", size = 4669390, upload-time = "2025-04-12T17:48:15.938Z" },
    { url = "https://files.pythonhosted.org/packages/96/ae/ca0099a3995976a9fce2f423166f7bff9b12244afdc7520f6ed38911539a/pillow-11.2.1-cp312-cp312-win32.whl", hash = "sha256:1d535df14716e7f8776b9e7fee118576d65572b4aad3ed639be9e4fa88a1cad3", size = 2332309, upload-time = "2025-04-12T17:48:17.885Z" },
    { url = "https://files.pythonhosted.org/packages/7c/18/24bff2ad716257fc03da964c5e8f05d9790a779a8895d6566e493ccf0189/pillow-11.2.1-cp312-cp312-win_amd64.whl", hash = "sha256:14e33b28bf17c7a38eede290f77db7c664e4eb01f7869e37fa98a5aa95978941", size = 2676768, upload-time = "2025-04-12T17:48:19.655Z" },
    { url = "https://files.pythonhosted.org/packages/da/bb/e8d656c9543276517ee40184aaa39dcb41e683bca121022f9323ae11b39d/pillow-11.2.1-cp312-cp312-win_arm64.whl", hash = "sha256:21e1470ac9e5739ff880c211fc3af01e3ae505859392bf65458c224d0bf283eb", size = 2415087, upload-time = "2025-04-12T17:48:21.991Z" },
    { url = "https://files.pythonhosted.org/packages/36/9c/447528ee3776e7ab8897fe33697a7ff3f0475bb490c5ac1456a03dc57956/pillow-11.2.1-cp313-cp313-macosx_10_13_x86_64.whl", hash = "sha256:fdec757fea0b793056419bca3e9932eb2b0ceec90ef4813ea4c1e072c389eb28", size = 3190098, upload-time = "2025-04-12T17:48:23.915Z" },
    { url = "https://files.pythonhosted.org/packages/b5/09/29d5cd052f7566a63e5b506fac9c60526e9ecc553825551333e1e18a4858/pillow-11.2.1-cp313-cp313-macosx_11_0_arm64.whl", hash = "sha256:b0e130705d568e2f43a17bcbe74d90958e8a16263868a12c3e0d9c8162690830", size = 3030166, upload-time = "2025-04-12T17:48:25.738Z" },
    { url = "https://files.pythonhosted.org/packages/71/5d/446ee132ad35e7600652133f9c2840b4799bbd8e4adba881284860da0a36/pillow-11.2.1-cp313-cp313-manylinux_2_17_aarch64.manylinux2014_aarch64.whl", hash = "sha256:7bdb5e09068332578214cadd9c05e3d64d99e0e87591be22a324bdbc18925be0", size = 4408674, upload-time = "2025-04-12T17:48:27.908Z" },
    { url = "https://files.pythonhosted.org/packages/69/5f/cbe509c0ddf91cc3a03bbacf40e5c2339c4912d16458fcb797bb47bcb269/pillow-11.2.1-cp313-cp313-manylinux_2_17_x86_64.manylinux2014_x86_64.whl", hash = "sha256:d189ba1bebfbc0c0e529159631ec72bb9e9bc041f01ec6d3233d6d82eb823bc1", size = 4496005, upload-time = "2025-04-12T17:48:29.888Z" },
    { url = "https://files.pythonhosted.org/packages/f9/b3/dd4338d8fb8a5f312021f2977fb8198a1184893f9b00b02b75d565c33b51/pillow-11.2.1-cp313-cp313-manylinux_2_28_aarch64.whl", hash = "sha256:191955c55d8a712fab8934a42bfefbf99dd0b5875078240943f913bb66d46d9f", size = 4518707, upload-time = "2025-04-12T17:48:31.874Z" },
    { url = "https://files.pythonhosted.org/packages/13/eb/2552ecebc0b887f539111c2cd241f538b8ff5891b8903dfe672e997529be/pillow-11.2.1-cp313-cp313-manylinux_2_28_x86_64.whl", hash = "sha256:ad275964d52e2243430472fc5d2c2334b4fc3ff9c16cb0a19254e25efa03a155", size = 4610008, upload-time = "2025-04-12T17:48:34.422Z" },
    { url = "https://files.pythonhosted.org/packages/72/d1/924ce51bea494cb6e7959522d69d7b1c7e74f6821d84c63c3dc430cbbf3b/pillow-11.2.1-cp313-cp313-musllinux_1_2_aarch64.whl", hash = "sha256:750f96efe0597382660d8b53e90dd1dd44568a8edb51cb7f9d5d918b80d4de14", size = 4585420, upload-time = "2025-04-12T17:48:37.641Z" },
    { url = "https://files.pythonhosted.org/packages/43/ab/8f81312d255d713b99ca37479a4cb4b0f48195e530cdc1611990eb8fd04b/pillow-11.2.1-cp313-cp313-musllinux_1_2_x86_64.whl", hash = "sha256:fe15238d3798788d00716637b3d4e7bb6bde18b26e5d08335a96e88564a36b6b", size = 4667655, upload-time = "2025-04-12T17:48:39.652Z" },
    { url = "https://files.pythonhosted.org/packages/94/86/8f2e9d2dc3d308dfd137a07fe1cc478df0a23d42a6c4093b087e738e4827/pillow-11.2.1-cp313-cp313-win32.whl", hash = "sha256:3fe735ced9a607fee4f481423a9c36701a39719252a9bb251679635f99d0f7d2", size = 2332329, upload-time = "2025-04-12T17:48:41.765Z" },
    { url = "https://files.pythonhosted.org/packages/6d/ec/1179083b8d6067a613e4d595359b5fdea65d0a3b7ad623fee906e1b3c4d2/pillow-11.2.1-cp313-cp313-win_amd64.whl", hash = "sha256:74ee3d7ecb3f3c05459ba95eed5efa28d6092d751ce9bf20e3e253a4e497e691", size = 2676388, upload-time = "2025-04-12T17:48:43.625Z" },
    { url = "https://files.pythonhosted.org/packages/23/f1/2fc1e1e294de897df39fa8622d829b8828ddad938b0eaea256d65b84dd72/pillow-11.2.1-cp313-cp313-win_arm64.whl", hash = "sha256:5119225c622403afb4b44bad4c1ca6c1f98eed79db8d3bc6e4e160fc6339d66c", size = 2414950, upload-time = "2025-04-12T17:48:45.475Z" },
    { url = "https://files.pythonhosted.org/packages/c4/3e/c328c48b3f0ead7bab765a84b4977acb29f101d10e4ef57a5e3400447c03/pillow-11.2.1-cp313-cp313t-macosx_10_13_x86_64.whl", hash = "sha256:8ce2e8411c7aaef53e6bb29fe98f28cd4fbd9a1d9be2eeea434331aac0536b22", size = 3192759, upload-time = "2025-04-12T17:48:47.866Z" },
    { url = "https://files.pythonhosted.org/packages/18/0e/1c68532d833fc8b9f404d3a642991441d9058eccd5606eab31617f29b6d4/pillow-11.2.1-cp313-cp313t-macosx_11_0_arm64.whl", hash = "sha256:9ee66787e095127116d91dea2143db65c7bb1e232f617aa5957c0d9d2a3f23a7", size = 3033284, upload-time = "2025-04-12T17:48:50.189Z" },
    { url = "https://files.pythonhosted.org/packages/b7/cb/6faf3fb1e7705fd2db74e070f3bf6f88693601b0ed8e81049a8266de4754/pillow-11.2.1-cp313-cp313t-manylinux_2_17_aarch64.manylinux2014_aarch64.whl", hash = "sha256:9622e3b6c1d8b551b6e6f21873bdcc55762b4b2126633014cea1803368a9aa16", size = 4445826, upload-time = "2025-04-12T17:48:52.346Z" },
    { url = "https://files.pythonhosted.org/packages/07/94/8be03d50b70ca47fb434a358919d6a8d6580f282bbb7af7e4aa40103461d/pillow-11.2.1-cp313-cp313t-manylinux_2_17_x86_64.manylinux2014_x86_64.whl", hash = "sha256:63b5dff3a68f371ea06025a1a6966c9a1e1ee452fc8020c2cd0ea41b83e9037b", size = 4527329, upload-time = "2025-04-12T17:48:54.403Z" },
    { url = "https://files.pythonhosted.org/packages/fd/a4/bfe78777076dc405e3bd2080bc32da5ab3945b5a25dc5d8acaa9de64a162/pillow-11.2.1-cp313-cp313t-manylinux_2_28_aarch64.whl", hash = "sha256:31df6e2d3d8fc99f993fd253e97fae451a8db2e7207acf97859732273e108406", size = 4549049, upload-time = "2025-04-12T17:48:56.383Z" },
    { url = "https://files.pythonhosted.org/packages/65/4d/eaf9068dc687c24979e977ce5677e253624bd8b616b286f543f0c1b91662/pillow-11.2.1-cp313-cp313t-manylinux_2_28_x86_64.whl", hash = "sha256:062b7a42d672c45a70fa1f8b43d1d38ff76b63421cbbe7f88146b39e8a558d91", size = 4635408, upload-time = "2025-04-12T17:48:58.782Z" },
    { url = "https://files.pythonhosted.org/packages/1d/26/0fd443365d9c63bc79feb219f97d935cd4b93af28353cba78d8e77b61719/pillow-11.2.1-cp313-cp313t-musllinux_1_2_aarch64.whl", hash = "sha256:4eb92eca2711ef8be42fd3f67533765d9fd043b8c80db204f16c8ea62ee1a751", size = 4614863, upload-time = "2025-04-12T17:49:00.709Z" },
    { url = "https://files.pythonhosted.org/packages/49/65/dca4d2506be482c2c6641cacdba5c602bc76d8ceb618fd37de855653a419/pillow-11.2.1-cp313-cp313t-musllinux_1_2_x86_64.whl", hash = "sha256:f91ebf30830a48c825590aede79376cb40f110b387c17ee9bd59932c961044f9", size = 4692938, upload-time = "2025-04-12T17:49:02.946Z" },
    { url = "https://files.pythonhosted.org/packages/b3/92/1ca0c3f09233bd7decf8f7105a1c4e3162fb9142128c74adad0fb361b7eb/pillow-11.2.1-cp313-cp313t-win32.whl", hash = "sha256:e0b55f27f584ed623221cfe995c912c61606be8513bfa0e07d2c674b4516d9dd", size = 2335774, upload-time = "2025-04-12T17:49:04.889Z" },
    { url = "https://files.pythonhosted.org/packages/a5/ac/77525347cb43b83ae905ffe257bbe2cc6fd23acb9796639a1f56aa59d191/pillow-11.2.1-cp313-cp313t-win_amd64.whl", hash = "sha256:36d6b82164c39ce5482f649b437382c0fb2395eabc1e2b1702a6deb8ad647d6e", size = 2681895, upload-time = "2025-04-12T17:49:06.635Z" },
    { url = "https://files.pythonhosted.org/packages/67/32/32dc030cfa91ca0fc52baebbba2e009bb001122a1daa8b6a79ad830b38d3/pillow-11.2.1-cp313-cp313t-win_arm64.whl", hash = "sha256:225c832a13326e34f212d2072982bb1adb210e0cc0b153e688743018c94a2681", size = 2417234, upload-time = "2025-04-12T17:49:08.399Z" },
]

[[package]]
name = "pyserial"
version = "3.5"
source = { registry = "https://pypi.org/simple" }
sdist = { url = "https://files.pythonhosted.org/packages/1e/7d/ae3f0a63f41e4d2f6cb66a5b57197850f919f59e558159a4dd3a818f5082/pyserial-3.5.tar.gz", hash = "sha256:3c77e014170dfffbd816e6ffc205e9842efb10be9f58ec16d3e8675b4925cddb", size = 159125, upload-time = "2020-11-23T03:59:15.045Z" }
wheels = [
    { url = "https://files.pythonhosted.org/packages/07/bc/587a445451b253b285629263eb51c2d8e9bcea4fc97826266d186f96f558/pyserial-3.5-py2.py3-none-any.whl", hash = "sha256:c4451db6ba391ca6ca299fb3ec7bae67a5c55dde170964c7a14ceefec02f2cf0", size = 90585, upload-time = "2020-11-23T03:59:13.41Z" },
]

[[package]]
name = "pyusb"
version = "1.3.1"
source = { registry = "https://pypi.org/simple" }
sdist = { url = "https://files.pythonhosted.org/packages/00/6b/ce3727395e52b7b76dfcf0c665e37d223b680b9becc60710d4bc08b7b7cb/pyusb-1.3.1.tar.gz", hash = "sha256:3af070b607467c1c164f49d5b0caabe8ac78dbed9298d703a8dbf9df4052d17e", size = 77281, upload-time = "2025-01-08T23:45:01.866Z" }
wheels = [
    { url = "https://files.pythonhosted.org/packages/28/b8/27e6312e86408a44fe16bd28ee12dd98608b39f7e7e57884a24e8f29b573/pyusb-1.3.1-py3-none-any.whl", hash = "sha256:bf9b754557af4717fe80c2b07cc2b923a9151f5c08d17bdb5345dac09d6a0430", size = 58465, upload-time = "2025-01-08T23:45:00.029Z" },
]

[[package]]
name = "setuptools"
version = "80.3.0"
source = { registry = "https://pypi.org/simple" }
sdist = { url = "https://files.pythonhosted.org/packages/51/6c/a3f892949418b5b9aced7396919c75ffb57e38f08b712b565f5eb10677ee/setuptools-80.3.0.tar.gz", hash = "sha256:ec8308eb180b2312062b1c5523204acf872cd8b0a9e6c2ae76431b22bc4065d7", size = 1314475, upload-time = "2025-05-03T09:17:32.334Z" }
wheels = [
    { url = "https://files.pythonhosted.org/packages/e6/61/a6239ff35d64e55def020335626894895847cc6659c0f8e1b676c58aad3b/setuptools-80.3.0-py3-none-any.whl", hash = "sha256:a65cffc4fb86167e3020b3ef58e08226baad8b29a3b34ce2c9d07e901bac481d", size = 1200273, upload-time = "2025-05-03T09:17:29.995Z" },
]

[[package]]
name = "smbus"
version = "1.1.post2"
source = { registry = "https://pypi.org/simple" }
sdist = { url = "https://files.pythonhosted.org/packages/4d/5c/70e14aa4f0c586efc017e1d1aa6e2f7921eefc7602fc2d03368ff912aa91/smbus-1.1.post2.tar.gz", hash = "sha256:f96d345e0aa10053a8a4917634f1dc37ba1f656fa5cace7629b71777e90855c6", size = 104988, upload-time = "2019-03-08T16:25:59.532Z" }

[[package]]
name = "winusbcdc"
version = "1.7"
source = { registry = "https://pypi.org/simple" }
wheels = [
    { url = "https://files.pythonhosted.org/packages/77/7c/9b71cb53ee8b5970ba0d527882daa5f33d1654f3039e4717e0ad6dec2af3/WinUsbCDC-1.7-py3-none-any.whl", hash = "sha256:ab0c58bed7667daf9593168562a8aa7e6265c17bf15d2dc77e8d7096576fd661", size = 19200, upload-time = "2023-08-08T00:32:35.371Z" },
]
